
PODS: 
- CocoaSoundCloudAPI (1.0.0): 
  - NXOAuth2Client (~> 1.0)
- CocoaSoundCloudUI (1.0.3): 
  - CocoaSoundCloudAPI (~> 1.0)
  - JSONKit
  - OHAttributedLabel
- JSONKit (1.5pre)
- NXOAuth2Client (1.2.1)
- OCHamcrest (1.8)
- OCMockito (0.22): 
  - OCHamcrest (~> 1.7)
- OHAttributedLabel (3.0.0)

DEPENDENCIES: 
- CocoaSoundCloudAPI (~> 1.0.0)
- CocoaSoundCloudUI (~> 1.0.3)
- OCMockito (~> 0.22)

SPEC CHECKSUMS: 
  CocoaSoundCloudAPI: aea8b4ecc1d8f94e7fcd9409be3feef44f38773c
  CocoaSoundCloudUI: e2326a8dea80c76f7e88919d3fd0a33cbe4f0eda
  JSONKit: a01a22c75f27eae76b4badd55a91c20fe6e86477
  NXOAuth2Client: 478bc4f9a04e7ba9908b6c40f8669321676af0ee
  OHAttributedLabel: a2b462a44647cc86242883260308c3ef13060d6f
  OCHamcrest: 75258b3746b118ed9de96a6a8d985546f32e0f9b
  OCMockito: 2074647e72d9525d6569dfc272d4fe16797a044f

COCOAPODS: 0.15.2
